
Microsoft Visual Studio Solution File, Format Version 12.00
Project("{FAE04EC0-301F-11D3-BF4B-00C04F79EFBC}") = "CourseManagement.API", "CourseManagement.API\CourseManagement.API.csproj", "{CBFDAE5F-E9E8-40FC-A244-0D68C0F437CD}"
EndProject
Project("{2150E333-8FDC-42A3-9474-1A3956D46DE8}") = "2-CourseManagementApi", "2-CourseManagementApi", "{198D1959-72D3-4094-B9B0-BABACDFD55D3}"
EndProject
Project("{2150E333-8FDC-42A3-9474-1A3956D46DE8}") = "1-CourseManagementService", "1-CourseManagementService", "{12F612AE-2DC5-4C62-AF59-774F743979C6}"
EndProject
Project("{FAE04EC0-301F-11D3-BF4B-00C04F79EFBC}") = "CourseManagement.Service", "CourseManagement.Service\CourseManagement.Service.csproj", "{4297B09A-CC00-4EED-A312-5AA66D588107}"
EndProject
Global
	GlobalSection(SolutionConfigurationPlatforms) = preSolution
		Debug|Any CPU = Debug|Any CPU
		Release|Any CPU = Release|Any CPU
	EndGlobalSection
	GlobalSection(ProjectConfigurationPlatforms) = postSolution
		{CBFDAE5F-E9E8-40FC-A244-0D68C0F437CD}.Debug|Any CPU.ActiveCfg = Debug|Any CPU
		{CBFDAE5F-E9E8-40FC-A244-0D68C0F437CD}.Debug|Any CPU.Build.0 = Debug|Any CPU
		{CBFDAE5F-E9E8-40FC-A244-0D68C0F437CD}.Release|Any CPU.ActiveCfg = Release|Any CPU
		{CBFDAE5F-E9E8-40FC-A244-0D68C0F437CD}.Release|Any CPU.Build.0 = Release|Any CPU
		{4297B09A-CC00-4EED-A312-5AA66D588107}.Debug|Any CPU.ActiveCfg = Debug|Any CPU
		{4297B09A-CC00-4EED-A312-5AA66D588107}.Debug|Any CPU.Build.0 = Debug|Any CPU
		{4297B09A-CC00-4EED-A312-5AA66D588107}.Release|Any CPU.ActiveCfg = Release|Any CPU
		{4297B09A-CC00-4EED-A312-5AA66D588107}.Release|Any CPU.Build.0 = Release|Any CPU
	EndGlobalSection
	GlobalSection(NestedProjects) = preSolution
		{CBFDAE5F-E9E8-40FC-A244-0D68C0F437CD} = {198D1959-72D3-4094-B9B0-BABACDFD55D3}
		{4297B09A-CC00-4EED-A312-5AA66D588107} = {12F612AE-2DC5-4C62-AF59-774F743979C6}
	EndGlobalSection
EndGlobal
